// !$*UTF8*$!
{
	archiveVersion = 1;
	classes = {
	};
	objectVersion = 46;
	objects = {

/* Begin PBXBuildFile section */
		391441631D6A953700528172 /* main.m in Sources */ = {isa = PBXBuildFile; fileRef = 391441621D6A953700528172 /* main.m */; };
		391441661D6A953700528172 /* AppDelegate.m in Sources */ = {isa = PBXBuildFile; fileRef = 391441651D6A953700528172 /* AppDelegate.m */; };
		391441691D6A953700528172 /* ViewController.m in Sources */ = {isa = PBXBuildFile; fileRef = 391441681D6A953700528172 /* ViewController.m */; };
		3914416C1D6A953700528172 /* Main.storyboard in Resources */ = {isa = PBXBuildFile; fileRef = 3914416A1D6A953700528172 /* Main.storyboard */; };
		3914416E1D6A953700528172 /* Assets.xcassets in Resources */ = {isa = PBXBuildFile; fileRef = 3914416D1D6A953700528172 /* Assets.xcassets */; };
		391441711D6A953700528172 /* LaunchScreen.storyboard in Resources */ = {isa = PBXBuildFile; fileRef = 3914416F1D6A953700528172 /* LaunchScreen.storyboard */; };
		3914417C1D6A953700528172 /* JiaYouYeTests.m in Sources */ = {isa = PBXBuildFile; fileRef = 3914417B1D6A953700528172 /* JiaYouYeTests.m */; };
		391441871D6A953700528172 /* JiaYouYeUITests.m in Sources */ = {isa = PBXBuildFile; fileRef = 391441861D6A953700528172 /* JiaYouYeUITests.m */; };
		391441961D6A96CB00528172 /* OilCard_ViewController.m in Sources */ = {isa = PBXBuildFile; fileRef = 391441951D6A96CA00528172 /* OilCard_ViewController.m */; };
		391441B41D6AD78800528172 /* LICENSE in Resources */ = {isa = PBXBuildFile; fileRef = 391441981D6AD78800528172 /* LICENSE */; };
		391441B51D6AD78800528172 /* MASCompositeConstraint.m in Sources */ = {isa = PBXBuildFile; fileRef = 3914419B1D6AD78800528172 /* MASCompositeConstraint.m */; };
		391441B61D6AD78800528172 /* MASConstraint.m in Sources */ = {isa = PBXBuildFile; fileRef = 3914419E1D6AD78800528172 /* MASConstraint.m */; };
		391441B71D6AD78800528172 /* MASConstraintMaker.m in Sources */ = {isa = PBXBuildFile; fileRef = 391441A01D6AD78800528172 /* MASConstraintMaker.m */; };
		391441B81D6AD78800528172 /* MASLayoutConstraint.m in Sources */ = {isa = PBXBuildFile; fileRef = 391441A21D6AD78800528172 /* MASLayoutConstraint.m */; };
		391441B91D6AD78800528172 /* MASViewAttribute.m in Sources */ = {isa = PBXBuildFile; fileRef = 391441A61D6AD78800528172 /* MASViewAttribute.m */; };
		391441BA1D6AD78800528172 /* MASViewConstraint.m in Sources */ = {isa = PBXBuildFile; fileRef = 391441A81D6AD78800528172 /* MASViewConstraint.m */; };
		391441BB1D6AD78800528172 /* NSArray+MASAdditions.m in Sources */ = {isa = PBXBuildFile; fileRef = 391441AA1D6AD78800528172 /* NSArray+MASAdditions.m */; };
		391441BC1D6AD78800528172 /* NSLayoutConstraint+MASDebugAdditions.m in Sources */ = {isa = PBXBuildFile; fileRef = 391441AD1D6AD78800528172 /* NSLayoutConstraint+MASDebugAdditions.m */; };
		391441BD1D6AD78800528172 /* View+MASAdditions.m in Sources */ = {isa = PBXBuildFile; fileRef = 391441AF1D6AD78800528172 /* View+MASAdditions.m */; };
		391441BE1D6AD78800528172 /* ViewController+MASAdditions.m in Sources */ = {isa = PBXBuildFile; fileRef = 391441B21D6AD78800528172 /* ViewController+MASAdditions.m */; };
		391441BF1D6AD78800528172 /* README.md in Sources */ = {isa = PBXBuildFile; fileRef = 391441B31D6AD78800528172 /* README.md */; };
		391441C21D6ADF2E00528172 /* AddOil_ViewController.m in Sources */ = {isa = PBXBuildFile; fileRef = 391441C11D6ADF2E00528172 /* AddOil_ViewController.m */; };
		391441C51D6AE10A00528172 /* Oil_CollectionViewCell.m in Sources */ = {isa = PBXBuildFile; fileRef = 391441C41D6AE10A00528172 /* Oil_CollectionViewCell.m */; };
		391E0F2D1D6BF0BC00844165 /* UIImage+BtnImage.m in Sources */ = {isa = PBXBuildFile; fileRef = 391E0F2C1D6BF0BC00844165 /* UIImage+BtnImage.m */; };
/* End PBXBuildFile section */

/* Begin PBXContainerItemProxy section */
		391441781D6A953700528172 /* PBXContainerItemProxy */ = {
			isa = PBXContainerItemProxy;
			containerPortal = 391441561D6A953700528172 /* Project object */;
			proxyType = 1;
			remoteGlobalIDString = 3914415D1D6A953700528172;
			remoteInfo = JiaYouYe;
		};
		391441831D6A953700528172 /* PBXContainerItemProxy */ = {
			isa = PBXContainerItemProxy;
			containerPortal = 391441561D6A953700528172 /* Project object */;
			proxyType = 1;
			remoteGlobalIDString = 3914415D1D6A953700528172;
			remoteInfo = JiaYouYe;
		};
/* End PBXContainerItemProxy section */

/* Begin PBXFileReference section */
		3914415E1D6A953700528172 /* JiaYouYe.app */ = {isa = PBXFileReference; explicitFileType = wrapper.application; includeInIndex = 0; path = JiaYouYe.app; sourceTree = BUILT_PRODUCTS_DIR; };
		391441621D6A953700528172 /* main.m */ = {isa = PBXFileReference; lastKnownFileType = sourcecode.c.objc; path = main.m; sourceTree = "<group>"; };
		391441641D6A953700528172 /* AppDelegate.h */ = {isa = PBXFileReference; lastKnownFileType = sourcecode.c.h; path = AppDelegate.h; sourceTree = "<group>"; };
		391441651D6A953700528172 /* AppDelegate.m */ = {isa = PBXFileReference; lastKnownFileType = sourcecode.c.objc; path = AppDelegate.m; sourceTree = "<group>"; };
		391441671D6A953700528172 /* ViewController.h */ = {isa = PBXFileReference; lastKnownFileType = sourcecode.c.h; path = ViewController.h; sourceTree = "<group>"; };
		391441681D6A953700528172 /* ViewController.m */ = {isa = PBXFileReference; lastKnownFileType = sourcecode.c.objc; path = ViewController.m; sourceTree = "<group>"; };
		3914416B1D6A953700528172 /* Base */ = {isa = PBXFileReference; lastKnownFileType = file.storyboard; name = Base; path = Base.lproj/Main.storyboard; sourceTree = "<group>"; };
		3914416D1D6A953700528172 /* Assets.xcassets */ = {isa = PBXFileReference; lastKnownFileType = folder.assetcatalog; path = Assets.xcassets; sourceTree = "<group>"; };
		391441701D6A953700528172 /* Base */ = {isa = PBXFileReference; lastKnownFileType = file.storyboard; name = Base; path = Base.lproj/LaunchScreen.storyboard; sourceTree = "<group>"; };
		391441721D6A953700528172 /* Info.plist */ = {isa = PBXFileReference; lastKnownFileType = text.plist.xml; path = Info.plist; sourceTree = "<group>"; };
		391441771D6A953700528172 /* JiaYouYeTests.xctest */ = {isa = PBXFileReference; explicitFileType = wrapper.cfbundle; includeInIndex = 0; path = JiaYouYeTests.xctest; sourceTree = BUILT_PRODUCTS_DIR; };
		3914417B1D6A953700528172 /* JiaYouYeTests.m */ = {isa = PBXFileReference; lastKnownFileType = sourcecode.c.objc; path = JiaYouYeTests.m; sourceTree = "<group>"; };
		3914417D1D6A953700528172 /* Info.plist */ = {isa = PBXFileReference; lastKnownFileType = text.plist.xml; path = Info.plist; sourceTree = "<group>"; };
		391441821D6A953700528172 /* JiaYouYeUITests.xctest */ = {isa = PBXFileReference; explicitFileType = wrapper.cfbundle; includeInIndex = 0; path = JiaYouYeUITests.xctest; sourceTree = BUILT_PRODUCTS_DIR; };
		391441861D6A953700528172 /* JiaYouYeUITests.m */ = {isa = PBXFileReference; lastKnownFileType = sourcecode.c.objc; path = JiaYouYeUITests.m; sourceTree = "<group>"; };
		391441881D6A953700528172 /* Info.plist */ = {isa = PBXFileReference; lastKnownFileType = text.plist.xml; path = Info.plist; sourceTree = "<group>"; };
		391441941D6A96CA00528172 /* OilCard_ViewController.h */ = {isa = PBXFileReference; fileEncoding = 4; lastKnownFileType = sourcecode.c.h; path = OilCard_ViewController.h; sourceTree = "<group>"; };
		391441951D6A96CA00528172 /* OilCard_ViewController.m */ = {isa = PBXFileReference; fileEncoding = 4; lastKnownFileType = sourcecode.c.objc; path = OilCard_ViewController.m; sourceTree = "<group>"; };
		391441981D6AD78800528172 /* LICENSE */ = {isa = PBXFileReference; fileEncoding = 4; lastKnownFileType = text; path = LICENSE; sourceTree = "<group>"; };
		3914419A1D6AD78800528172 /* MASCompositeConstraint.h */ = {isa = PBXFileReference; fileEncoding = 4; lastKnownFileType = sourcecode.c.h; path = MASCompositeConstraint.h; sourceTree = "<group>"; };
		3914419B1D6AD78800528172 /* MASCompositeConstraint.m */ = {isa = PBXFileReference; fileEncoding = 4; lastKnownFileType = sourcecode.c.objc; path = MASCompositeConstraint.m; sourceTree = "<group>"; };
		3914419C1D6AD78800528172 /* MASConstraint+Private.h */ = {isa = PBXFileReference; fileEncoding = 4; lastKnownFileType = sourcecode.c.h; path = "MASConstraint+Private.h"; sourceTree = "<group>"; };
		3914419D1D6AD78800528172 /* MASConstraint.h */ = {isa = PBXFileReference; fileEncoding = 4; lastKnownFileType = sourcecode.c.h; path = MASConstraint.h; sourceTree = "<group>"; };
		3914419E1D6AD78800528172 /* MASConstraint.m */ = {isa = PBXFileReference; fileEncoding = 4; lastKnownFileType = sourcecode.c.objc; path = MASConstraint.m; sourceTree = "<group>"; };
		3914419F1D6AD78800528172 /* MASConstraintMaker.h */ = {isa = PBXFileReference; fileEncoding = 4; lastKnownFileType = sourcecode.c.h; path = MASConstraintMaker.h; sourceTree = "<group>"; };
		391441A01D6AD78800528172 /* MASConstraintMaker.m */ = {isa = PBXFileReference; fileEncoding = 4; lastKnownFileType = sourcecode.c.objc; path = MASConstraintMaker.m; sourceTree = "<group>"; };
		391441A11D6AD78800528172 /* MASLayoutConstraint.h */ = {isa = PBXFileReference; fileEncoding = 4; lastKnownFileType = sourcecode.c.h; path = MASLayoutConstraint.h; sourceTree = "<group>"; };
		391441A21D6AD78800528172 /* MASLayoutConstraint.m */ = {isa = PBXFileReference; fileEncoding = 4; lastKnownFileType = sourcecode.c.objc; path = MASLayoutConstraint.m; sourceTree = "<group>"; };
		391441A31D6AD78800528172 /* Masonry.h */ = {isa = PBXFileReference; fileEncoding = 4; lastKnownFileType = sourcecode.c.h; path = Masonry.h; sourceTree = "<group>"; };
		391441A41D6AD78800528172 /* MASUtilities.h */ = {isa = PBXFileReference; fileEncoding = 4; lastKnownFileType = sourcecode.c.h; path = MASUtilities.h; sourceTree = "<group>"; };
		391441A51D6AD78800528172 /* MASViewAttribute.h */ = {isa = PBXFileReference; fileEncoding = 4; lastKnownFileType = sourcecode.c.h; path = MASViewAttribute.h; sourceTree = "<group>"; };
		391441A61D6AD78800528172 /* MASViewAttribute.m */ = {isa = PBXFileReference; fileEncoding = 4; lastKnownFileType = sourcecode.c.objc; path = MASViewAttribute.m; sourceTree = "<group>"; };
		391441A71D6AD78800528172 /* MASViewConstraint.h */ = {isa = PBXFileReference; fileEncoding = 4; lastKnownFileType = sourcecode.c.h; path = MASViewConstraint.h; sourceTree = "<group>"; };
		391441A81D6AD78800528172 /* MASViewConstraint.m */ = {isa = PBXFileReference; fileEncoding = 4; lastKnownFileType = sourcecode.c.objc; path = MASViewConstraint.m; sourceTree = "<group>"; };
		391441A91D6AD78800528172 /* NSArray+MASAdditions.h */ = {isa = PBXFileReference; fileEncoding = 4; lastKnownFileType = sourcecode.c.h; path = "NSArray+MASAdditions.h"; sourceTree = "<group>"; };
		391441AA1D6AD78800528172 /* NSArray+MASAdditions.m */ = {isa = PBXFileReference; fileEncoding = 4; lastKnownFileType = sourcecode.c.objc; path = "NSArray+MASAdditions.m"; sourceTree = "<group>"; };
		391441AB1D6AD78800528172 /* NSArray+MASShorthandAdditions.h */ = {isa = PBXFileReference; fileEncoding = 4; lastKnownFileType = sourcecode.c.h; path = "NSArray+MASShorthandAdditions.h"; sourceTree = "<group>"; };
		391441AC1D6AD78800528172 /* NSLayoutConstraint+MASDebugAdditions.h */ = {isa = PBXFileReference; fileEncoding = 4; lastKnownFileType = sourcecode.c.h; path = "NSLayoutConstraint+MASDebugAdditions.h"; sourceTree = "<group>"; };
		391441AD1D6AD78800528172 /* NSLayoutConstraint+MASDebugAdditions.m */ = {isa = PBXFileReference; fileEncoding = 4; lastKnownFileType = sourcecode.c.objc; path = "NSLayoutConstraint+MASDebugAdditions.m"; sourceTree = "<group>"; };
		391441AE1D6AD78800528172 /* View+MASAdditions.h */ = {isa = PBXFileReference; fileEncoding = 4; lastKnownFileType = sourcecode.c.h; path = "View+MASAdditions.h"; sourceTree = "<group>"; };
		391441AF1D6AD78800528172 /* View+MASAdditions.m */ = {isa = PBXFileReference; fileEncoding = 4; lastKnownFileType = sourcecode.c.objc; path = "View+MASAdditions.m"; sourceTree = "<group>"; };
		391441B01D6AD78800528172 /* View+MASShorthandAdditions.h */ = {isa = PBXFileReference; fileEncoding = 4; lastKnownFileType = sourcecode.c.h; path = "View+MASShorthandAdditions.h"; sourceTree = "<group>"; };
		391441B11D6AD78800528172 /* ViewController+MASAdditions.h */ = {isa = PBXFileReference; fileEncoding = 4; lastKnownFileType = sourcecode.c.h; path = "ViewController+MASAdditions.h"; sourceTree = "<group>"; };
		391441B21D6AD78800528172 /* ViewController+MASAdditions.m */ = {isa = PBXFileReference; fileEncoding = 4; lastKnownFileType = sourcecode.c.objc; path = "ViewController+MASAdditions.m"; sourceTree = "<group>"; };
		391441B31D6AD78800528172 /* README.md */ = {isa = PBXFileReference; fileEncoding = 4; lastKnownFileType = net.daringfireball.markdown; path = README.md; sourceTree = "<group>"; };
		391441C01D6ADF2E00528172 /* AddOil_ViewController.h */ = {isa = PBXFileReference; fileEncoding = 4; lastKnownFileType = sourcecode.c.h; path = AddOil_ViewController.h; sourceTree = "<group>"; };
		391441C11D6ADF2E00528172 /* AddOil_ViewController.m */ = {isa = PBXFileReference; fileEncoding = 4; lastKnownFileType = sourcecode.c.objc; path = AddOil_ViewController.m; sourceTree = "<group>"; };
		391441C31D6AE10A00528172 /* Oil_CollectionViewCell.h */ = {isa = PBXFileReference; fileEncoding = 4; lastKnownFileType = sourcecode.c.h; path = Oil_CollectionViewCell.h; sourceTree = "<group>"; };
		391441C41D6AE10A00528172 /* Oil_CollectionViewCell.m */ = {isa = PBXFileReference; fileEncoding = 4; lastKnownFileType = sourcecode.c.objc; path = Oil_CollectionViewCell.m; sourceTree = "<group>"; };
		391E0F2B1D6BF0BC00844165 /* UIImage+BtnImage.h */ = {isa = PBXFileReference; fileEncoding = 4; lastKnownFileType = sourcecode.c.h; path = "UIImage+BtnImage.h"; sourceTree = "<group>"; };
		391E0F2C1D6BF0BC00844165 /* UIImage+BtnImage.m */ = {isa = PBXFileReference; fileEncoding = 4; lastKnownFileType = sourcecode.c.objc; path = "UIImage+BtnImage.m"; sourceTree = "<group>"; };
/* End PBXFileReference section */

/* Begin PBXFrameworksBuildPhase section */
		3914415B1D6A953700528172 /* Frameworks */ = {
			isa = PBXFrameworksBuildPhase;
			buildActionMask = 2147483647;
			files = (
			);
			runOnlyForDeploymentPostprocessing = 0;
		};
		391441741D6A953700528172 /* Frameworks */ = {
			isa = PBXFrameworksBuildPhase;
			buildActionMask = 2147483647;
			files = (
			);
			runOnlyForDeploymentPostprocessing = 0;
		};
		3914417F1D6A953700528172 /* Frameworks */ = {
			isa = PBXFrameworksBuildPhase;
			buildActionMask = 2147483647;
			files = (
			);
			runOnlyForDeploymentPostprocessing = 0;
		};
/* End PBXFrameworksBuildPhase section */

/* Begin PBXGroup section */
		391441551D6A953700528172 = {
			isa = PBXGroup;
			children = (
				391441601D6A953700528172 /* JiaYouYe */,
				3914417A1D6A953700528172 /* JiaYouYeTests */,
				391441851D6A953700528172 /* JiaYouYeUITests */,
				3914415F1D6A953700528172 /* Products */,
			);
			sourceTree = "<group>";
		};
		3914415F1D6A953700528172 /* Products */ = {
			isa = PBXGroup;
			children = (
				3914415E1D6A953700528172 /* JiaYouYe.app */,
				391441771D6A953700528172 /* JiaYouYeTests.xctest */,
				391441821D6A953700528172 /* JiaYouYeUITests.xctest */,
			);
			name = Products;
			sourceTree = "<group>";
		};
		391441601D6A953700528172 /* JiaYouYe */ = {
			isa = PBXGroup;
			children = (
				391441971D6AD78800528172 /* Masonry */,
				391441641D6A953700528172 /* AppDelegate.h */,
				391441651D6A953700528172 /* AppDelegate.m */,
				391441671D6A953700528172 /* ViewController.h */,
				391441681D6A953700528172 /* ViewController.m */,
				391441941D6A96CA00528172 /* OilCard_ViewController.h */,
				391441951D6A96CA00528172 /* OilCard_ViewController.m */,
				391441C01D6ADF2E00528172 /* AddOil_ViewController.h */,
				391441C11D6ADF2E00528172 /* AddOil_ViewController.m */,
				391441C31D6AE10A00528172 /* Oil_CollectionViewCell.h */,
				391441C41D6AE10A00528172 /* Oil_CollectionViewCell.m */,
				391E0F2B1D6BF0BC00844165 /* UIImage+BtnImage.h */,
				391E0F2C1D6BF0BC00844165 /* UIImage+BtnImage.m */,
				3914416A1D6A953700528172 /* Main.storyboard */,
				3914416D1D6A953700528172 /* Assets.xcassets */,
				3914416F1D6A953700528172 /* LaunchScreen.storyboard */,
				391441721D6A953700528172 /* Info.plist */,
				391441611D6A953700528172 /* Supporting Files */,
			);
			path = JiaYouYe;
			sourceTree = "<group>";
		};
		391441611D6A953700528172 /* Supporting Files */ = {
			isa = PBXGroup;
			children = (
				391441621D6A953700528172 /* main.m */,
			);
			name = "Supporting Files";
			sourceTree = "<group>";
		};
		3914417A1D6A953700528172 /* JiaYouYeTests */ = {
			isa = PBXGroup;
			children = (
				3914417B1D6A953700528172 /* JiaYouYeTests.m */,
				3914417D1D6A953700528172 /* Info.plist */,
			);
			path = JiaYouYeTests;
			sourceTree = "<group>";
		};
		391441851D6A953700528172 /* JiaYouYeUITests */ = {
			isa = PBXGroup;
			children = (
				391441861D6A953700528172 /* JiaYouYeUITests.m */,
				391441881D6A953700528172 /* Info.plist */,
			);
			path = JiaYouYeUITests;
			sourceTree = "<group>";
		};
		391441971D6AD78800528172 /* Masonry */ = {
			isa = PBXGroup;
			children = (
				391441981D6AD78800528172 /* LICENSE */,
				391441991D6AD78800528172 /* Masonry */,
				391441B31D6AD78800528172 /* README.md */,
			);
			path = Masonry;
			sourceTree = "<group>";
		};
		391441991D6AD78800528172 /* Masonry */ = {
			isa = PBXGroup;
			children = (
				3914419A1D6AD78800528172 /* MASCompositeConstraint.h */,
				3914419B1D6AD78800528172 /* MASCompositeConstraint.m */,
				3914419C1D6AD78800528172 /* MASConstraint+Private.h */,
				3914419D1D6AD78800528172 /* MASConstraint.h */,
				3914419E1D6AD78800528172 /* MASConstraint.m */,
				3914419F1D6AD78800528172 /* MASConstraintMaker.h */,
				391441A01D6AD78800528172 /* MASConstraintMaker.m */,
				391441A11D6AD78800528172 /* MASLayoutConstraint.h */,
				391441A21D6AD78800528172 /* MASLayoutConstraint.m */,
				391441A31D6AD78800528172 /* Masonry.h */,
				391441A41D6AD78800528172 /* MASUtilities.h */,
				391441A51D6AD78800528172 /* MASViewAttribute.h */,
				391441A61D6AD78800528172 /* MASViewAttribute.m */,
				391441A71D6AD78800528172 /* MASViewConstraint.h */,
				391441A81D6AD78800528172 /* MASViewConstraint.m */,
				391441A91D6AD78800528172 /* NSArray+MASAdditions.h */,
				391441AA1D6AD78800528172 /* NSArray+MASAdditions.m */,
				391441AB1D6AD78800528172 /* NSArray+MASShorthandAdditions.h */,
				391441AC1D6AD78800528172 /* NSLayoutConstraint+MASDebugAdditions.h */,
				391441AD1D6AD78800528172 /* NSLayoutConstraint+MASDebugAdditions.m */,
				391441AE1D6AD78800528172 /* View+MASAdditions.h */,
				391441AF1D6AD78800528172 /* View+MASAdditions.m */,
				391441B01D6AD78800528172 /* View+MASShorthandAdditions.h */,
				391441B11D6AD78800528172 /* ViewController+MASAdditions.h */,
				391441B21D6AD78800528172 /* ViewController+MASAdditions.m */,
			);
			path = Masonry;
			sourceTree = "<group>";
		};
/* End PBXGroup section */

/* Begin PBXNativeTarget section */
		3914415D1D6A953700528172 /* JiaYouYe */ = {
			isa = PBXNativeTarget;
			buildConfigurationList = 3914418B1D6A953700528172 /* Build configuration list for PBXNativeTarget "JiaYouYe" */;
			buildPhases = (
				3914415A1D6A953700528172 /* Sources */,
				3914415B1D6A953700528172 /* Frameworks */,
				3914415C1D6A953700528172 /* Resources */,
			);
			buildRules = (
			);
			dependencies = (
			);
			name = JiaYouYe;
			productName = JiaYouYe;
			productReference = 3914415E1D6A953700528172 /* JiaYouYe.app */;
			productType = "com.apple.product-type.application";
		};
		391441761D6A953700528172 /* JiaYouYeTests */ = {
			isa = PBXNativeTarget;
			buildConfigurationList = 3914418E1D6A953700528172 /* Build configuration list for PBXNativeTarget "JiaYouYeTests" */;
			buildPhases = (
				391441731D6A953700528172 /* Sources */,
				391441741D6A953700528172 /* Frameworks */,
				391441751D6A953700528172 /* Resources */,
			);
			buildRules = (
			);
			dependencies = (
				391441791D6A953700528172 /* PBXTargetDependency */,
			);
			name = JiaYouYeTests;
			productName = JiaYouYeTests;
			productReference = 391441771D6A953700528172 /* JiaYouYeTests.xctest */;
			productType = "com.apple.product-type.bundle.unit-test";
		};
		391441811D6A953700528172 /* JiaYouYeUITests */ = {
			isa = PBXNativeTarget;
			buildConfigurationList = 391441911D6A953700528172 /* Build configuration list for PBXNativeTarget "JiaYouYeUITests" */;
			buildPhases = (
				3914417E1D6A953700528172 /* Sources */,
				3914417F1D6A953700528172 /* Frameworks */,
				391441801D6A953700528172 /* Resources */,
			);
			buildRules = (
			);
			dependencies = (
				391441841D6A953700528172 /* PBXTargetDependency */,
			);
			name = JiaYouYeUITests;
			productName = JiaYouYeUITests;
			productReference = 391441821D6A953700528172 /* JiaYouYeUITests.xctest */;
			productType = "com.apple.product-type.bundle.ui-testing";
		};
/* End PBXNativeTarget section */

/* Begin PBXProject section */
		391441561D6A953700528172 /* Project object */ = {
			isa = PBXProject;
			attributes = {
				LastUpgradeCheck = 0710;
				ORGANIZATIONNAME = LQM;
				TargetAttributes = {
					3914415D1D6A953700528172 = {
						CreatedOnToolsVersion = 7.1;
						DevelopmentTeam = D9ER9R9RKY;
					};
					391441761D6A953700528172 = {
						CreatedOnToolsVersion = 7.1;
						TestTargetID = 3914415D1D6A953700528172;
					};
					391441811D6A953700528172 = {
						CreatedOnToolsVersion = 7.1;
						TestTargetID = 3914415D1D6A953700528172;
					};
				};
			};
			buildConfigurationList = 391441591D6A953700528172 /* Build configuration list for PBXProject "JiaYouYe" */;
			compatibilityVersion = "Xcode 3.2";
			developmentRegion = English;
			hasScannedForEncodings = 0;
			knownRegions = (
				en,
				Base,
			);
			mainGroup = 391441551D6A953700528172;
			productRefGroup = 3914415F1D6A953700528172 /* Products */;
			projectDirPath = "";
			projectRoot = "";
			targets = (
				3914415D1D6A953700528172 /* JiaYouYe */,
				391441761D6A953700528172 /* JiaYouYeTests */,
				391441811D6A953700528172 /* JiaYouYeUITests */,
			);
		};
/* End PBXProject section */

/* Begin PBXResourcesBuildPhase section */
		3914415C1D6A953700528172 /* Resources */ = {
			isa = PBXResourcesBuildPhase;
			buildActionMask = 2147483647;
			files = (
				391441711D6A953700528172 /* LaunchScreen.storyboard in Resources */,
				3914416E1D6A953700528172 /* Assets.xcassets in Resources */,
				391441B41D6AD78800528172 /* LICENSE in Resources */,
				3914416C1D6A953700528172 /* Main.storyboard in Resources */,
			);
			runOnlyForDeploymentPostprocessing = 0;
		};
		391441751D6A953700528172 /* Resources */ = {
			isa = PBXResourcesBuildPhase;
			buildActionMask = 2147483647;
			files = (
			);
			runOnlyForDeploymentPostprocessing = 0;
		};
		391441801D6A953700528172 /* Resources */ = {
			isa = PBXResourcesBuildPhase;
			buildActionMask = 2147483647;
			files = (
			);
			runOnlyForDeploymentPostprocessing = 0;
		};
/* End PBXResourcesBuildPhase section */

/* Begin PBXSourcesBuildPhase section */
		3914415A1D6A953700528172 /* Sources */ = {
			isa = PBXSourcesBuildPhase;
			buildActionMask = 2147483647;
			files = (
				391E0F2D1D6BF0BC00844165 /* UIImage+BtnImage.m in Sources */,
				391441B71D6AD78800528172 /* MASConstraintMaker.m in Sources */,
				391441691D6A953700528172 /* ViewController.m in Sources */,
				391441661D6A953700528172 /* AppDelegate.m in Sources */,
				391441B61D6AD78800528172 /* MASConstraint.m in Sources */,
				391441BE1D6AD78800528172 /* ViewController+MASAdditions.m in Sources */,
				391441B81D6AD78800528172 /* MASLayoutConstraint.m in Sources */,
				391441BB1D6AD78800528172 /* NSArray+MASAdditions.m in Sources */,
				391441C51D6AE10A00528172 /* Oil_CollectionViewCell.m in Sources */,
				391441BA1D6AD78800528172 /* MASViewConstraint.m in Sources */,
				391441B91D6AD78800528172 /* MASViewAttribute.m in Sources */,
				391441BD1D6AD78800528172 /* View+MASAdditions.m in Sources */,
				391441631D6A953700528172 /* main.m in Sources */,
				391441961D6A96CB00528172 /* OilCard_ViewController.m in Sources */,
				391441BF1D6AD78800528172 /* README.md in Sources */,
				391441C21D6ADF2E00528172 /* AddOil_ViewController.m in Sources */,
				391441B51D6AD78800528172 /* MASCompositeConstraint.m in Sources */,
				391441BC1D6AD78800528172 /* NSLayoutConstraint+MASDebugAdditions.m in Sources */,
			);
			runOnlyForDeploymentPostprocessing = 0;
		};
		391441731D6A953700528172 /* Sources */ = {
			isa = PBXSourcesBuildPhase;
			buildActionMask = 2147483647;
			files = (
				3914417C1D6A953700528172 /* JiaYouYeTests.m in Sources */,
			);
			runOnlyForDeploymentPostprocessing = 0;
		};
		3914417E1D6A953700528172 /* Sources */ = {
			isa = PBXSourcesBuildPhase;
			buildActionMask = 2147483647;
			files = (
				391441871D6A953700528172 /* JiaYouYeUITests.m in Sources */,
			);
			runOnlyForDeploymentPostprocessing = 0;
		};
/* End PBXSourcesBuildPhase section */

/* Begin PBXTargetDependency section */
		391441791D6A953700528172 /* PBXTargetDependency */ = {
			isa = PBXTargetDependency;
			target = 3914415D1D6A953700528172 /* JiaYouYe */;
			targetProxy = 391441781D6A953700528172 /* PBXContainerItemProxy */;
		};
		391441841D6A953700528172 /* PBXTargetDependency */ = {
			isa = PBXTargetDependency;
			target = 3914415D1D6A953700528172 /* JiaYouYe */;
			targetProxy = 391441831D6A953700528172 /* PBXContainerItemProxy */;
		};
/* End PBXTargetDependency section */

/* Begin PBXVariantGroup section */
		3914416A1D6A953700528172 /* Main.storyboard */ = {
			isa = PBXVariantGroup;
			children = (
				3914416B1D6A953700528172 /* Base */,
			);
			name = Main.storyboard;
			sourceTree = "<group>";
		};
		3914416F1D6A953700528172 /* LaunchScreen.storyboard */ = {
			isa = PBXVariantGroup;
			children = (
				391441701D6A953700528172 /* Base */,
			);
			name = LaunchScreen.storyboard;
			sourceTree = "<group>";
		};
/* End PBXVariantGroup section */

/* Begin XCBuildConfiguration section */
		391441891D6A953700528172 /* Debug */ = {
			isa = XCBuildConfiguration;
			buildSettings = {
				ALWAYS_SEARCH_USER_PATHS = NO;
				CLANG_CXX_LANGUAGE_STANDARD = "gnu++0x";
				CLANG_CXX_LIBRARY = "libc++";
				CLANG_ENABLE_MODULES = YES;
				CLANG_ENABLE_OBJC_ARC = YES;
				CLANG_WARN_BOOL_CONVERSION = YES;
				CLANG_WARN_CONSTANT_CONVERSION = YES;
				CLANG_WARN_DIRECT_OBJC_ISA_USAGE = YES_ERROR;
				CLANG_WARN_EMPTY_BODY = YES;
				CLANG_WARN_ENUM_CONVERSION = YES;
				CLANG_WARN_INT_CONVERSION = YES;
				CLANG_WARN_OBJC_ROOT_CLASS = YES_ERROR;
				CLANG_WARN_UNREACHABLE_CODE = YES;
				CLANG_WARN__DUPLICATE_METHOD_MATCH = YES;
				"CODE_SIGN_IDENTITY[sdk=iphoneos*]" = "iPhone Developer";
				COPY_PHASE_STRIP = NO;
				DEBUG_INFORMATION_FORMAT = dwarf;
				ENABLE_STRICT_OBJC_MSGSEND = YES;
				ENABLE_TESTABILITY = YES;
				GCC_C_LANGUAGE_STANDARD = gnu99;
				GCC_DYNAMIC_NO_PIC = NO;
				GCC_NO_COMMON_BLOCKS = YES;
				GCC_OPTIMIZATION_LEVEL = 0;
				GCC_PREPROCESSOR_DEFINITIONS = (
					"DEBUG=1",
					"$(inherited)",
				);
				GCC_WARN_64_TO_32_BIT_CONVERSION = YES;
				GCC_WARN_ABOUT_RETURN_TYPE = YES_ERROR;
				GCC_WARN_UNDECLARED_SELECTOR = YES;
				GCC_WARN_UNINITIALIZED_AUTOS = YES_AGGRESSIVE;
				GCC_WARN_UNUSED_FUNCTION = YES;
				GCC_WARN_UNUSED_VARIABLE = YES;
				IPHONEOS_DEPLOYMENT_TARGET = 9.1;
				MTL_ENABLE_DEBUG_INFO = YES;
				ONLY_ACTIVE_ARCH = YES;
				SDKROOT = iphoneos;
				TARGETED_DEVICE_FAMILY = "1,2";
			};
			name = Debug;
		};
		3914418A1D6A953700528172 /* Release */ = {
			isa = XCBuildConfiguration;
			buildSettings = {
				ALWAYS_SEARCH_USER_PATHS = NO;
				CLANG_CXX_LANGUAGE_STANDARD = "gnu++0x";
				CLANG_CXX_LIBRARY = "libc++";
				CLANG_ENABLE_MODULES = YES;
				CLANG_ENABLE_OBJC_ARC = YES;
				CLANG_WARN_BOOL_CONVERSION = YES;
				CLANG_WARN_CONSTANT_CONVERSION = YES;
				CLANG_WARN_DIRECT_OBJC_ISA_USAGE = YES_ERROR;
				CLANG_WARN_EMPTY_BODY = YES;
				CLANG_WARN_ENUM_CONVERSION = YES;
				CLANG_WARN_INT_CONVERSION = YES;
				CLANG_WARN_OBJC_ROOT_CLASS = YES_ERROR;
				CLANG_WARN_UNREACHABLE_CODE = YES;
				CLANG_WARN__DUPLICATE_METHOD_MATCH = YES;
				"CODE_SIGN_IDENTITY[sdk=iphoneos*]" = "iPhone Developer";
				COPY_PHASE_STRIP = NO;
				DEBUG_INFORMATION_FORMAT = "dwarf-with-dsym";
				ENABLE_NS_ASSERTIONS = NO;
				ENABLE_STRICT_OBJC_MSGSEND = YES;
				GCC_C_LANGUAGE_STANDARD = gnu99;
				GCC_NO_COMMON_BLOCKS = YES;
				GCC_WARN_64_TO_32_BIT_CONVERSION = YES;
				GCC_WARN_ABOUT_RETURN_TYPE = YES_ERROR;
				GCC_WARN_UNDECLARED_SELECTOR = YES;
				GCC_WARN_UNINITIALIZED_AUTOS = YES_AGGRESSIVE;
				GCC_WARN_UNUSED_FUNCTION = YES;
				GCC_WARN_UNUSED_VARIABLE = YES;
				IPHONEOS_DEPLOYMENT_TARGET = 9.1;
				MTL_ENABLE_DEBUG_INFO = NO;
				SDKROOT = iphoneos;
				TARGETED_DEVICE_FAMILY = "1,2";
				VALIDATE_PRODUCT = YES;
			};
			name = Release;
		};
		3914418C1D6A953700528172 /* Debug */ = {
			isa = XCBuildConfiguration;
			buildSettings = {
				ASSETCATALOG_COMPILER_APPICON_NAME = AppIcon;
				CODE_SIGN_IDENTITY = "iPhone Developer";
				INFOPLIST_FILE = JiaYouYe/Info.plist;
				LD_RUNPATH_SEARCH_PATHS = "$(inherited) @executable_path/Frameworks";
				PRODUCT_BUNDLE_IDENTIFIER = com12;
				PRODUCT_NAME = "$(TARGET_NAME)";
			};
			name = Debug;
		};
		3914418D1D6A953700528172 /* Release */ = {
			isa = XCBuildConfiguration;
			buildSettings = {
				ASSETCATALOG_COMPILER_APPICON_NAME = AppIcon;
				CODE_SIGN_IDENTITY = "iPhone Developer";
				INFOPLIST_FILE = JiaYouYe/Info.plist;
				LD_RUNPATH_SEARCH_PATHS = "$(inherited) @executable_path/Frameworks";
				PRODUCT_BUNDLE_IDENTIFIER = com12;
				PRODUCT_NAME = "$(TARGET_NAME)";
			};
			name = Release;
		};
		3914418F1D6A953700528172 /* Debug */ = {
			isa = XCBuildConfiguration;
			buildSettings = {
				BUNDLE_LOADER = "$(TEST_HOST)";
				INFOPLIST_FILE = JiaYouYeTests/Info.plist;
				LD_RUNPATH_SEARCH_PATHS = "$(inherited) @executable_path/Frameworks @loader_path/Frameworks";
				PRODUCT_BUNDLE_IDENTIFIER = lqm.JiaYouYeTests;
				PRODUCT_NAME = "$(TARGET_NAME)";
				TEST_HOST = "$(BUILT_PRODUCTS_DIR)/JiaYouYe.app/JiaYouYe";
			};
			name = Debug;
		};
		391441901D6A953700528172 /* Release */ = {
			isa = XCBuildConfiguration;
			buildSettings = {
				BUNDLE_LOADER = "$(TEST_HOST)";
				INFOPLIST_FILE = JiaYouYeTests/Info.plist;
				LD_RUNPATH_SEARCH_PATHS = "$(inherited) @executable_path/Frameworks @loader_path/Frameworks";
				PRODUCT_BUNDLE_IDENTIFIER = lqm.JiaYouYeTests;
				PRODUCT_NAME = "$(TARGET_NAME)";
				TEST_HOST = "$(BUILT_PRODUCTS_DIR)/JiaYouYe.app/JiaYouYe";
			};
			name = Release;
		};
		391441921D6A953700528172 /* Debug */ = {
			isa = XCBuildConfiguration;
			buildSettings = {
				INFOPLIST_FILE = JiaYouYeUITests/Info.plist;
				LD_RUNPATH_SEARCH_PATHS = "$(inherited) @executable_path/Frameworks @loader_path/Frameworks";
				PRODUCT_BUNDLE_IDENTIFIER = lqm.JiaYouYeUITests;
				PRODUCT_NAME = "$(TARGET_NAME)";
				TEST_TARGET_NAME = JiaYouYe;
				USES_XCTRUNNER = YES;
			};
			name = Debug;
		};
		391441931D6A953700528172 /* Release */ = {
			isa = XCBuildConfiguration;
			buildSettings = {
				INFOPLIST_FILE = JiaYouYeUITests/Info.plist;
				LD_RUNPATH_SEARCH_PATHS = "$(inherited) @executable_path/Frameworks @loader_path/Frameworks";
				PRODUCT_BUNDLE_IDENTIFIER = lqm.JiaYouYeUITests;
				PRODUCT_NAME = "$(TARGET_NAME)";
				TEST_TARGET_NAME = JiaYouYe;
				USES_XCTRUNNER = YES;
			};
			name = Release;
		};
/* End XCBuildConfiguration section */

/* Begin XCConfigurationList section */
		391441591D6A953700528172 /* Build configuration list for PBXProject "JiaYouYe" */ = {
			isa = XCConfigurationList;
			buildConfigurations = (
				391441891D6A953700528172 /* Debug */,
				3914418A1D6A953700528172 /* Release */,
			);
			defaultConfigurationIsVisible = 0;
			defaultConfigurationName = Release;
		};
		3914418B1D6A953700528172 /* Build configuration list for PBXNativeTarget "JiaYouYe" */ = {
			isa = XCConfigurationList;
			buildConfigurations = (
				3914418C1D6A953700528172 /* Debug */,
				3914418D1D6A953700528172 /* Release */,
			);
			defaultConfigurationIsVisible = 0;
			defaultConfigurationName = Release;
		};
		3914418E1D6A953700528172 /* Build configuration list for PBXNativeTarget "JiaYouYeTests" */ = {
			isa = XCConfigurationList;
			buildConfigurations = (
				3914418F1D6A953700528172 /* Debug */,
				391441901D6A953700528172 /* Release */,
			);
			defaultConfigurationIsVisible = 0;
			defaultConfigurationName = Release;
		};
		391441911D6A953700528172 /* Build configuration list for PBXNativeTarget "JiaYouYeUITests" */ = {
			isa = XCConfigurationList;
			buildConfigurations = (
				391441921D6A953700528172 /* Debug */,
				391441931D6A953700528172 /* Release */,
			);
			defaultConfigurationIsVisible = 0;
			defaultConfigurationName = Release;
		};
/* End XCConfigurationList section */
	};
	rootObject = 391441561D6A953700528172 /* Project object */;
}
